
Microsoft Visual Studio Solution File, Format Version 12.00
# Visual Studio Version 17
VisualStudioVersion = 17.9.34616.47
MinimumVisualStudioVersion = 10.0.40219.1
Project("{9A19103F-16F7-4668-BE54-9A1E7A4F7556}") = "Vehycles.Web", "Vehycles\Vehycles.Web.csproj", "{671C4B7C-D96E-48A7-9BF4-5C7D548C945A}"
EndProject
Project("{2150E333-8FDC-42A3-9474-1A3956D46DE8}") = "Data", "Data", "{87E9BB47-71E9-4487-B124-F00FE8A23407}"
EndProject
Project("{9A19103F-16F7-4668-BE54-9A1E7A4F7556}") = "Vehycle.Data", "Vehycle.Data\Vehycle.Data.csproj", "{2084C174-9F55-49A4-A302-5AADB3F38DE6}"
EndProject
Project("{9A19103F-16F7-4668-BE54-9A1E7A4F7556}") = "Vehycle.Data.Models", "Vehycle.Data.Models\Vehycle.Data.Models.csproj", "{7AA3375E-54DC-4B65-AA7C-131947CB162C}"
EndProject
Project("{9A19103F-16F7-4668-BE54-9A1E7A4F7556}") = "Vehycle.Common", "Vehycle.Common\Vehycle.Common.csproj", "{C0AF9684-7CD8-4A34-8549-581103D5F11E}"
EndProject
Project("{2150E333-8FDC-42A3-9474-1A3956D46DE8}") = "Web", "Web", "{4C636EF6-F307-4CB7-9135-C5185A8997E9}"
EndProject
Project("{2150E333-8FDC-42A3-9474-1A3956D46DE8}") = "Services", "Services", "{E0B49E78-8A3C-4B6F-A0B0-188FD7C770B2}"
EndProject
Project("{9A19103F-16F7-4668-BE54-9A1E7A4F7556}") = "Vehycles.Services", "Vehycles.Services\Vehycles.Services.csproj", "{29F7FDDB-0077-4B81-8D63-05564F9BADED}"
EndProject
Project("{9A19103F-16F7-4668-BE54-9A1E7A4F7556}") = "Vehycle.Web.ViewModels", "VehyclePlatform.Web.ViewModels\Vehycle.Web.ViewModels.csproj", "{CB788B56-1564-4713-BD69-D5E876482F84}"
EndProject
Global
	GlobalSection(SolutionConfigurationPlatforms) = preSolution
		Debug|Any CPU = Debug|Any CPU
		Release|Any CPU = Release|Any CPU
	EndGlobalSection
	GlobalSection(ProjectConfigurationPlatforms) = postSolution
		{671C4B7C-D96E-48A7-9BF4-5C7D548C945A}.Debug|Any CPU.ActiveCfg = Debug|Any CPU
		{671C4B7C-D96E-48A7-9BF4-5C7D548C945A}.Debug|Any CPU.Build.0 = Debug|Any CPU
		{671C4B7C-D96E-48A7-9BF4-5C7D548C945A}.Release|Any CPU.ActiveCfg = Release|Any CPU
		{671C4B7C-D96E-48A7-9BF4-5C7D548C945A}.Release|Any CPU.Build.0 = Release|Any CPU
		{2084C174-9F55-49A4-A302-5AADB3F38DE6}.Debug|Any CPU.ActiveCfg = Debug|Any CPU
		{2084C174-9F55-49A4-A302-5AADB3F38DE6}.Debug|Any CPU.Build.0 = Debug|Any CPU
		{2084C174-9F55-49A4-A302-5AADB3F38DE6}.Release|Any CPU.ActiveCfg = Release|Any CPU
		{2084C174-9F55-49A4-A302-5AADB3F38DE6}.Release|Any CPU.Build.0 = Release|Any CPU
		{7AA3375E-54DC-4B65-AA7C-131947CB162C}.Debug|Any CPU.ActiveCfg = Debug|Any CPU
		{7AA3375E-54DC-4B65-AA7C-131947CB162C}.Debug|Any CPU.Build.0 = Debug|Any CPU
		{7AA3375E-54DC-4B65-AA7C-131947CB162C}.Release|Any CPU.ActiveCfg = Release|Any CPU
		{7AA3375E-54DC-4B65-AA7C-131947CB162C}.Release|Any CPU.Build.0 = Release|Any CPU
		{C0AF9684-7CD8-4A34-8549-581103D5F11E}.Debug|Any CPU.ActiveCfg = Debug|Any CPU
		{C0AF9684-7CD8-4A34-8549-581103D5F11E}.Debug|Any CPU.Build.0 = Debug|Any CPU
		{C0AF9684-7CD8-4A34-8549-581103D5F11E}.Release|Any CPU.ActiveCfg = Release|Any CPU
		{C0AF9684-7CD8-4A34-8549-581103D5F11E}.Release|Any CPU.Build.0 = Release|Any CPU
		{29F7FDDB-0077-4B81-8D63-05564F9BADED}.Debug|Any CPU.ActiveCfg = Debug|Any CPU
		{29F7FDDB-0077-4B81-8D63-05564F9BADED}.Debug|Any CPU.Build.0 = Debug|Any CPU
		{29F7FDDB-0077-4B81-8D63-05564F9BADED}.Release|Any CPU.ActiveCfg = Release|Any CPU
		{29F7FDDB-0077-4B81-8D63-05564F9BADED}.Release|Any CPU.Build.0 = Release|Any CPU
		{CB788B56-1564-4713-BD69-D5E876482F84}.Debug|Any CPU.ActiveCfg = Debug|Any CPU
		{CB788B56-1564-4713-BD69-D5E876482F84}.Debug|Any CPU.Build.0 = Debug|Any CPU
		{CB788B56-1564-4713-BD69-D5E876482F84}.Release|Any CPU.ActiveCfg = Release|Any CPU
		{CB788B56-1564-4713-BD69-D5E876482F84}.Release|Any CPU.Build.0 = Release|Any CPU
	EndGlobalSection
	GlobalSection(SolutionProperties) = preSolution
		HideSolutionNode = FALSE
	EndGlobalSection
	GlobalSection(NestedProjects) = preSolution
		{671C4B7C-D96E-48A7-9BF4-5C7D548C945A} = {4C636EF6-F307-4CB7-9135-C5185A8997E9}
		{2084C174-9F55-49A4-A302-5AADB3F38DE6} = {87E9BB47-71E9-4487-B124-F00FE8A23407}
		{7AA3375E-54DC-4B65-AA7C-131947CB162C} = {87E9BB47-71E9-4487-B124-F00FE8A23407}
		{C0AF9684-7CD8-4A34-8549-581103D5F11E} = {87E9BB47-71E9-4487-B124-F00FE8A23407}
		{29F7FDDB-0077-4B81-8D63-05564F9BADED} = {E0B49E78-8A3C-4B6F-A0B0-188FD7C770B2}
		{CB788B56-1564-4713-BD69-D5E876482F84} = {4C636EF6-F307-4CB7-9135-C5185A8997E9}
	EndGlobalSection
	GlobalSection(ExtensibilityGlobals) = postSolution
		SolutionGuid = {E162F306-56AB-4A99-A387-A93F3DF402B6}
	EndGlobalSection
EndGlobal
